// !$*UTF8*$!
{
	archiveVersion = 1;
	classes = {
	};
	objectVersion = 50;
	objects = {

/* Begin PBXBuildFile section */
		55BBD56C23471FC300C80DED /* AppDelegate.swift in Sources */ = {isa = PBXBuildFile; fileRef = 55BBD56B23471FC300C80DED /* AppDelegate.swift */; };
		55BBD56E23471FC300C80DED /* SceneDelegate.swift in Sources */ = {isa = PBXBuildFile; fileRef = 55BBD56D23471FC300C80DED /* SceneDelegate.swift */; };
		55BBD57023471FC300C80DED /* ViewController.swift in Sources */ = {isa = PBXBuildFile; fileRef = 55BBD56F23471FC300C80DED /* ViewController.swift */; };
		55BBD57323471FC300C80DED /* Main.storyboard in Resources */ = {isa = PBXBuildFile; fileRef = 55BBD57123471FC300C80DED /* Main.storyboard */; };
		55BBD57523471FC400C80DED /* Assets.xcassets in Resources */ = {isa = PBXBuildFile; fileRef = 55BBD57423471FC400C80DED /* Assets.xcassets */; };
		55BBD57823471FC400C80DED /* LaunchScreen.storyboard in Resources */ = {isa = PBXBuildFile; fileRef = 55BBD57623471FC400C80DED /* LaunchScreen.storyboard */; };
		55BBD5812347382700C80DED /* HealthDataViewController.swift in Sources */ = {isa = PBXBuildFile; fileRef = 55BBD5802347382700C80DED /* HealthDataViewController.swift */; };
		55BBD586234763AA00C80DED /* SectionZeroCollectionViewCell.swift in Sources */ = {isa = PBXBuildFile; fileRef = 55BBD584234763AA00C80DED /* SectionZeroCollectionViewCell.swift */; };
		55BBD587234763AA00C80DED /* SectionZeroCollectionViewCell.xib in Resources */ = {isa = PBXBuildFile; fileRef = 55BBD585234763AA00C80DED /* SectionZeroCollectionViewCell.xib */; };
		55BBD58A234774C800C80DED /* HealthDataSectionZeroCollectionViewCellSize.swift in Sources */ = {isa = PBXBuildFile; fileRef = 55BBD589234774C800C80DED /* HealthDataSectionZeroCollectionViewCellSize.swift */; };
		55ED5B8B234B1AC900FBFB32 /* Roboto-Regular.ttf in Resources */ = {isa = PBXBuildFile; fileRef = 55ED5B8A234B1A7500FBFB32 /* Roboto-Regular.ttf */; };
		55ED5B8E234B1F3C00FBFB32 /* HealthDataSectionZeroCollectionViewCellData.swift in Sources */ = {isa = PBXBuildFile; fileRef = 55ED5B8D234B1F3C00FBFB32 /* HealthDataSectionZeroCollectionViewCellData.swift */; };
		55ED5B91234B203C00FBFB32 /* SectionZeroCellMockData.swift in Sources */ = {isa = PBXBuildFile; fileRef = 55ED5B90234B203C00FBFB32 /* SectionZeroCellMockData.swift */; };
		55ED5B94234B227E00FBFB32 /* HealthDataViewModel.swift in Sources */ = {isa = PBXBuildFile; fileRef = 55ED5B93234B227E00FBFB32 /* HealthDataViewModel.swift */; };
/* End PBXBuildFile section */

/* Begin PBXFileReference section */
		55BBD56823471FC300C80DED /* FigmaTestScreen.app */ = {isa = PBXFileReference; explicitFileType = wrapper.application; includeInIndex = 0; path = FigmaTestScreen.app; sourceTree = BUILT_PRODUCTS_DIR; };
		55BBD56B23471FC300C80DED /* AppDelegate.swift */ = {isa = PBXFileReference; lastKnownFileType = sourcecode.swift; path = AppDelegate.swift; sourceTree = "<group>"; };
		55BBD56D23471FC300C80DED /* SceneDelegate.swift */ = {isa = PBXFileReference; lastKnownFileType = sourcecode.swift; path = SceneDelegate.swift; sourceTree = "<group>"; };
		55BBD56F23471FC300C80DED /* ViewController.swift */ = {isa = PBXFileReference; lastKnownFileType = sourcecode.swift; path = ViewController.swift; sourceTree = "<group>"; };
		55BBD57223471FC300C80DED /* Base */ = {isa = PBXFileReference; lastKnownFileType = file.storyboard; name = Base; path = Base.lproj/Main.storyboard; sourceTree = "<group>"; };
		55BBD57423471FC400C80DED /* Assets.xcassets */ = {isa = PBXFileReference; lastKnownFileType = folder.assetcatalog; path = Assets.xcassets; sourceTree = "<group>"; };
		55BBD57723471FC400C80DED /* Base */ = {isa = PBXFileReference; lastKnownFileType = file.storyboard; name = Base; path = Base.lproj/LaunchScreen.storyboard; sourceTree = "<group>"; };
		55BBD57923471FC400C80DED /* Info.plist */ = {isa = PBXFileReference; lastKnownFileType = text.plist.xml; path = Info.plist; sourceTree = "<group>"; };
		55BBD5802347382700C80DED /* HealthDataViewController.swift */ = {isa = PBXFileReference; lastKnownFileType = sourcecode.swift; path = HealthDataViewController.swift; sourceTree = "<group>"; };
		55BBD584234763AA00C80DED /* SectionZeroCollectionViewCell.swift */ = {isa = PBXFileReference; lastKnownFileType = sourcecode.swift; path = SectionZeroCollectionViewCell.swift; sourceTree = "<group>"; };
		55BBD585234763AA00C80DED /* SectionZeroCollectionViewCell.xib */ = {isa = PBXFileReference; lastKnownFileType = file.xib; path = SectionZeroCollectionViewCell.xib; sourceTree = "<group>"; };
		55BBD589234774C800C80DED /* HealthDataSectionZeroCollectionViewCellSize.swift */ = {isa = PBXFileReference; lastKnownFileType = sourcecode.swift; path = HealthDataSectionZeroCollectionViewCellSize.swift; sourceTree = "<group>"; };
		55ED5B8A234B1A7500FBFB32 /* Roboto-Regular.ttf */ = {isa = PBXFileReference; lastKnownFileType = file; name = "Roboto-Regular.ttf"; path = "../../../../../../Library/Fonts/Roboto-Regular.ttf"; sourceTree = "<group>"; };
		55ED5B8D234B1F3C00FBFB32 /* HealthDataSectionZeroCollectionViewCellData.swift */ = {isa = PBXFileReference; lastKnownFileType = sourcecode.swift; path = HealthDataSectionZeroCollectionViewCellData.swift; sourceTree = "<group>"; };
		55ED5B90234B203C00FBFB32 /* SectionZeroCellMockData.swift */ = {isa = PBXFileReference; lastKnownFileType = sourcecode.swift; path = SectionZeroCellMockData.swift; sourceTree = "<group>"; };
		55ED5B93234B227E00FBFB32 /* HealthDataViewModel.swift */ = {isa = PBXFileReference; lastKnownFileType = sourcecode.swift; path = HealthDataViewModel.swift; sourceTree = "<group>"; };
/* End PBXFileReference section */

/* Begin PBXFrameworksBuildPhase section */
		55BBD56523471FC300C80DED /* Frameworks */ = {
			isa = PBXFrameworksBuildPhase;
			buildActionMask = 2147483647;
			files = (
			);
			runOnlyForDeploymentPostprocessing = 0;
		};
/* End PBXFrameworksBuildPhase section */

/* Begin PBXGroup section */
		55BBD55F23471FC300C80DED = {
			isa = PBXGroup;
			children = (
				55BBD56A23471FC300C80DED /* FigmaTestScreen */,
				55BBD56923471FC300C80DED /* Products */,
			);
			sourceTree = "<group>";
		};
		55BBD56923471FC300C80DED /* Products */ = {
			isa = PBXGroup;
			children = (
				55BBD56823471FC300C80DED /* FigmaTestScreen.app */,
			);
			name = Products;
			sourceTree = "<group>";
		};
		55BBD56A23471FC300C80DED /* FigmaTestScreen */ = {
			isa = PBXGroup;
			children = (
				55ED5B92234B225900FBFB32 /* ViewModels */,
				55ED5B8F234B200700FBFB32 /* Mock */,
				55ED5B88234B1A4900FBFB32 /* Resources */,
				55BBD5882347745D00C80DED /* Struct */,
				55BBD5832347637C00C80DED /* CollectionViewCells */,
				55BBD5822347637100C80DED /* XIBs */,
				55BBD57F234737FF00C80DED /* ViewControllers */,
				55BBD56B23471FC300C80DED /* AppDelegate.swift */,
				55BBD56D23471FC300C80DED /* SceneDelegate.swift */,
				55BBD56F23471FC300C80DED /* ViewController.swift */,
				55BBD57123471FC300C80DED /* Main.storyboard */,
				55BBD57423471FC400C80DED /* Assets.xcassets */,
				55BBD57623471FC400C80DED /* LaunchScreen.storyboard */,
				55BBD57923471FC400C80DED /* Info.plist */,
			);
			path = FigmaTestScreen;
			sourceTree = "<group>";
		};
		55BBD57F234737FF00C80DED /* ViewControllers */ = {
			isa = PBXGroup;
			children = (
				55BBD5802347382700C80DED /* HealthDataViewController.swift */,
			);
			path = ViewControllers;
			sourceTree = "<group>";
		};
		55BBD5822347637100C80DED /* XIBs */ = {
			isa = PBXGroup;
			children = (
				55BBD585234763AA00C80DED /* SectionZeroCollectionViewCell.xib */,
			);
			path = XIBs;
			sourceTree = "<group>";
		};
		55BBD5832347637C00C80DED /* CollectionViewCells */ = {
			isa = PBXGroup;
			children = (
				55BBD584234763AA00C80DED /* SectionZeroCollectionViewCell.swift */,
			);
			path = CollectionViewCells;
			sourceTree = "<group>";
		};
		55BBD5882347745D00C80DED /* Struct */ = {
			isa = PBXGroup;
			children = (
				55BBD589234774C800C80DED /* HealthDataSectionZeroCollectionViewCellSize.swift */,
				55ED5B8D234B1F3C00FBFB32 /* HealthDataSectionZeroCollectionViewCellData.swift */,
			);
			path = Struct;
			sourceTree = "<group>";
		};
		55ED5B88234B1A4900FBFB32 /* Resources */ = {
			isa = PBXGroup;
			children = (
				55ED5B89234B1A5F00FBFB32 /* Fonts */,
			);
			path = Resources;
			sourceTree = "<group>";
		};
		55ED5B89234B1A5F00FBFB32 /* Fonts */ = {
			isa = PBXGroup;
			children = (
				55ED5B8A234B1A7500FBFB32 /* Roboto-Regular.ttf */,
			);
			path = Fonts;
			sourceTree = "<group>";
		};
		55ED5B8F234B200700FBFB32 /* Mock */ = {
			isa = PBXGroup;
			children = (
				55ED5B90234B203C00FBFB32 /* SectionZeroCellMockData.swift */,
			);
			path = Mock;
			sourceTree = "<group>";
		};
		55ED5B92234B225900FBFB32 /* ViewModels */ = {
			isa = PBXGroup;
			children = (
				55ED5B93234B227E00FBFB32 /* HealthDataViewModel.swift */,
			);
			path = ViewModels;
			sourceTree = "<group>";
		};
/* End PBXGroup section */

/* Begin PBXNativeTarget section */
		55BBD56723471FC300C80DED /* FigmaTestScreen */ = {
			isa = PBXNativeTarget;
			buildConfigurationList = 55BBD57C23471FC400C80DED /* Build configuration list for PBXNativeTarget "FigmaTestScreen" */;
			buildPhases = (
				55BBD56423471FC300C80DED /* Sources */,
				55BBD56523471FC300C80DED /* Frameworks */,
				55BBD56623471FC300C80DED /* Resources */,
			);
			buildRules = (
			);
			dependencies = (
			);
			name = FigmaTestScreen;
			productName = FigmaTestScreen;
			productReference = 55BBD56823471FC300C80DED /* FigmaTestScreen.app */;
			productType = "com.apple.product-type.application";
		};
/* End PBXNativeTarget section */

/* Begin PBXProject section */
		55BBD56023471FC300C80DED /* Project object */ = {
			isa = PBXProject;
			attributes = {
				LastSwiftUpdateCheck = 1100;
				LastUpgradeCheck = 1100;
				ORGANIZATIONNAME = Andrey;
				TargetAttributes = {
					55BBD56723471FC300C80DED = {
						CreatedOnToolsVersion = 11.0;
					};
				};
			};
			buildConfigurationList = 55BBD56323471FC300C80DED /* Build configuration list for PBXProject "FigmaTestScreen" */;
			compatibilityVersion = "Xcode 9.3";
			developmentRegion = en;
			hasScannedForEncodings = 0;
			knownRegions = (
				en,
				Base,
			);
			mainGroup = 55BBD55F23471FC300C80DED;
			productRefGroup = 55BBD56923471FC300C80DED /* Products */;
			projectDirPath = "";
			projectRoot = "";
			targets = (
				55BBD56723471FC300C80DED /* FigmaTestScreen */,
			);
		};
/* End PBXProject section */

/* Begin PBXResourcesBuildPhase section */
		55BBD56623471FC300C80DED /* Resources */ = {
			isa = PBXResourcesBuildPhase;
			buildActionMask = 2147483647;
			files = (
				55BBD57823471FC400C80DED /* LaunchScreen.storyboard in Resources */,
				55BBD57523471FC400C80DED /* Assets.xcassets in Resources */,
				55ED5B8B234B1AC900FBFB32 /* Roboto-Regular.ttf in Resources */,
				55BBD587234763AA00C80DED /* SectionZeroCollectionViewCell.xib in Resources */,
				55BBD57323471FC300C80DED /* Main.storyboard in Resources */,
			);
			runOnlyForDeploymentPostprocessing = 0;
		};
/* End PBXResourcesBuildPhase section */

/* Begin PBXSourcesBuildPhase section */
		55BBD56423471FC300C80DED /* Sources */ = {
			isa = PBXSourcesBuildPhase;
			buildActionMask = 2147483647;
			files = (
				55BBD586234763AA00C80DED /* SectionZeroCollectionViewCell.swift in Sources */,
				55ED5B91234B203C00FBFB32 /* SectionZeroCellMockData.swift in Sources */,
				55BBD5812347382700C80DED /* HealthDataViewController.swift in Sources */,
				55BBD57023471FC300C80DED /* ViewController.swift in Sources */,
				55ED5B8E234B1F3C00FBFB32 /* HealthDataSectionZeroCollectionViewCellData.swift in Sources */,
				55BBD56C23471FC300C80DED /* AppDelegate.swift in Sources */,
				55ED5B94234B227E00FBFB32 /* HealthDataViewModel.swift in Sources */,
				55BBD58A234774C800C80DED /* HealthDataSectionZeroCollectionViewCellSize.swift in Sources */,
				55BBD56E23471FC300C80DED /* SceneDelegate.swift in Sources */,
			);
			runOnlyForDeploymentPostprocessing = 0;
		};
/* End PBXSourcesBuildPhase section */

/* Begin PBXVariantGroup section */
		55BBD57123471FC300C80DED /* Main.storyboard */ = {
			isa = PBXVariantGroup;
			children = (
				55BBD57223471FC300C80DED /* Base */,
			);
			name = Main.storyboard;
			sourceTree = "<group>";
		};
		55BBD57623471FC400C80DED /* LaunchScreen.storyboard */ = {
			isa = PBXVariantGroup;
			children = (
				55BBD57723471FC400C80DED /* Base */,
			);
			name = LaunchScreen.storyboard;
			sourceTree = "<group>";
		};
/* End PBXVariantGroup section */

/* Begin XCBuildConfiguration section */
		55BBD57A23471FC400C80DED /* Debug */ = {
			isa = XCBuildConfiguration;
			buildSettings = {
				ALWAYS_SEARCH_USER_PATHS = NO;
				CLANG_ANALYZER_NONNULL = YES;
				CLANG_ANALYZER_NUMBER_OBJECT_CONVERSION = YES_AGGRESSIVE;
				CLANG_CXX_LANGUAGE_STANDARD = "gnu++14";
				CLANG_CXX_LIBRARY = "libc++";
				CLANG_ENABLE_MODULES = YES;
				CLANG_ENABLE_OBJC_ARC = YES;
				CLANG_ENABLE_OBJC_WEAK = YES;
				CLANG_WARN_BLOCK_CAPTURE_AUTORELEASING = YES;
				CLANG_WARN_BOOL_CONVERSION = YES;
				CLANG_WARN_COMMA = YES;
				CLANG_WARN_CONSTANT_CONVERSION = YES;
				CLANG_WARN_DEPRECATED_OBJC_IMPLEMENTATIONS = YES;
				CLANG_WARN_DIRECT_OBJC_ISA_USAGE = YES_ERROR;
				CLANG_WARN_DOCUMENTATION_COMMENTS = YES;
				CLANG_WARN_EMPTY_BODY = YES;
				CLANG_WARN_ENUM_CONVERSION = YES;
				CLANG_WARN_INFINITE_RECURSION = YES;
				CLANG_WARN_INT_CONVERSION = YES;
				CLANG_WARN_NON_LITERAL_NULL_CONVERSION = YES;
				CLANG_WARN_OBJC_IMPLICIT_RETAIN_SELF = YES;
				CLANG_WARN_OBJC_LITERAL_CONVERSION = YES;
				CLANG_WARN_OBJC_ROOT_CLASS = YES_ERROR;
				CLANG_WARN_RANGE_LOOP_ANALYSIS = YES;
				CLANG_WARN_STRICT_PROTOTYPES = YES;
				CLANG_WARN_SUSPICIOUS_MOVE = YES;
				CLANG_WARN_UNGUARDED_AVAILABILITY = YES_AGGRESSIVE;
				CLANG_WARN_UNREACHABLE_CODE = YES;
				CLANG_WARN__DUPLICATE_METHOD_MATCH = YES;
				COPY_PHASE_STRIP = NO;
				DEBUG_INFORMATION_FORMAT = dwarf;
				ENABLE_STRICT_OBJC_MSGSEND = YES;
				ENABLE_TESTABILITY = YES;
				GCC_C_LANGUAGE_STANDARD = gnu11;
				GCC_DYNAMIC_NO_PIC = NO;
				GCC_NO_COMMON_BLOCKS = YES;
				GCC_OPTIMIZATION_LEVEL = 0;
				GCC_PREPROCESSOR_DEFINITIONS = (
					"DEBUG=1",
					"$(inherited)",
				);
				GCC_WARN_64_TO_32_BIT_CONVERSION = YES;
				GCC_WARN_ABOUT_RETURN_TYPE = YES_ERROR;
				GCC_WARN_UNDECLARED_SELECTOR = YES;
				GCC_WARN_UNINITIALIZED_AUTOS = YES_AGGRESSIVE;
				GCC_WARN_UNUSED_FUNCTION = YES;
				GCC_WARN_UNUSED_VARIABLE = YES;
				IPHONEOS_DEPLOYMENT_TARGET = 13.0;
				MTL_ENABLE_DEBUG_INFO = INCLUDE_SOURCE;
				MTL_FAST_MATH = YES;
				ONLY_ACTIVE_ARCH = YES;
				SDKROOT = iphoneos;
				SWIFT_ACTIVE_COMPILATION_CONDITIONS = DEBUG;
				SWIFT_OPTIMIZATION_LEVEL = "-Onone";
			};
			name = Debug;
		};
		55BBD57B23471FC400C80DED /* Release */ = {
			isa = XCBuildConfiguration;
			buildSettings = {
				ALWAYS_SEARCH_USER_PATHS = NO;
				CLANG_ANALYZER_NONNULL = YES;
				CLANG_ANALYZER_NUMBER_OBJECT_CONVERSION = YES_AGGRESSIVE;
				CLANG_CXX_LANGUAGE_STANDARD = "gnu++14";
				CLANG_CXX_LIBRARY = "libc++";
				CLANG_ENABLE_MODULES = YES;
				CLANG_ENABLE_OBJC_ARC = YES;
				CLANG_ENABLE_OBJC_WEAK = YES;
				CLANG_WARN_BLOCK_CAPTURE_AUTORELEASING = YES;
				CLANG_WARN_BOOL_CONVERSION = YES;
				CLANG_WARN_COMMA = YES;
				CLANG_WARN_CONSTANT_CONVERSION = YES;
				CLANG_WARN_DEPRECATED_OBJC_IMPLEMENTATIONS = YES;
				CLANG_WARN_DIRECT_OBJC_ISA_USAGE = YES_ERROR;
				CLANG_WARN_DOCUMENTATION_COMMENTS = YES;
				CLANG_WARN_EMPTY_BODY = YES;
				CLANG_WARN_ENUM_CONVERSION = YES;
				CLANG_WARN_INFINITE_RECURSION = YES;
				CLANG_WARN_INT_CONVERSION = YES;
				CLANG_WARN_NON_LITERAL_NULL_CONVERSION = YES;
				CLANG_WARN_OBJC_IMPLICIT_RETAIN_SELF = YES;
				CLANG_WARN_OBJC_LITERAL_CONVERSION = YES;
				CLANG_WARN_OBJC_ROOT_CLASS = YES_ERROR;
				CLANG_WARN_RANGE_LOOP_ANALYSIS = YES;
				CLANG_WARN_STRICT_PROTOTYPES = YES;
				CLANG_WARN_SUSPICIOUS_MOVE = YES;
				CLANG_WARN_UNGUARDED_AVAILABILITY = YES_AGGRESSIVE;
				CLANG_WARN_UNREACHABLE_CODE = YES;
				CLANG_WARN__DUPLICATE_METHOD_MATCH = YES;
				COPY_PHASE_STRIP = NO;
				DEBUG_INFORMATION_FORMAT = "dwarf-with-dsym";
				ENABLE_NS_ASSERTIONS = NO;
				ENABLE_STRICT_OBJC_MSGSEND = YES;
				GCC_C_LANGUAGE_STANDARD = gnu11;
				GCC_NO_COMMON_BLOCKS = YES;
				GCC_WARN_64_TO_32_BIT_CONVERSION = YES;
				GCC_WARN_ABOUT_RETURN_TYPE = YES_ERROR;
				GCC_WARN_UNDECLARED_SELECTOR = YES;
				GCC_WARN_UNINITIALIZED_AUTOS = YES_AGGRESSIVE;
				GCC_WARN_UNUSED_FUNCTION = YES;
				GCC_WARN_UNUSED_VARIABLE = YES;
				IPHONEOS_DEPLOYMENT_TARGET = 13.0;
				MTL_ENABLE_DEBUG_INFO = NO;
				MTL_FAST_MATH = YES;
				SDKROOT = iphoneos;
				SWIFT_COMPILATION_MODE = wholemodule;
				SWIFT_OPTIMIZATION_LEVEL = "-O";
				VALIDATE_PRODUCT = YES;
			};
			name = Release;
		};
		55BBD57D23471FC400C80DED /* Debug */ = {
			isa = XCBuildConfiguration;
			buildSettings = {
				ASSETCATALOG_COMPILER_APPICON_NAME = AppIcon;
				CODE_SIGN_STYLE = Automatic;
				DEVELOPMENT_TEAM = 59W5V2C5L3;
				INFOPLIST_FILE = FigmaTestScreen/Info.plist;
				LD_RUNPATH_SEARCH_PATHS = (
					"$(inherited)",
					"@executable_path/Frameworks",
				);
				PRODUCT_BUNDLE_IDENTIFIER = com.AKochetkov.FigmaTestScreen;
				PRODUCT_NAME = "$(TARGET_NAME)";
				SWIFT_VERSION = 5.0;
				TARGETED_DEVICE_FAMILY = "1,2";
			};
			name = Debug;
		};
		55BBD57E23471FC400C80DED /* Release */ = {
			isa = XCBuildConfiguration;
			buildSettings = {
				ASSETCATALOG_COMPILER_APPICON_NAME = AppIcon;
				CODE_SIGN_STYLE = Automatic;
				DEVELOPMENT_TEAM = 59W5V2C5L3;
				INFOPLIST_FILE = FigmaTestScreen/Info.plist;
				LD_RUNPATH_SEARCH_PATHS = (
					"$(inherited)",
					"@executable_path/Frameworks",
				);
				PRODUCT_BUNDLE_IDENTIFIER = com.AKochetkov.FigmaTestScreen;
				PRODUCT_NAME = "$(TARGET_NAME)";
				SWIFT_VERSION = 5.0;
				TARGETED_DEVICE_FAMILY = "1,2";
			};
			name = Release;
		};
/* End XCBuildConfiguration section */

/* Begin XCConfigurationList section */
		55BBD56323471FC300C80DED /* Build configuration list for PBXProject "FigmaTestScreen" */ = {
			isa = XCConfigurationList;
			buildConfigurations = (
				55BBD57A23471FC400C80DED /* Debug */,
				55BBD57B23471FC400C80DED /* Release */,
			);
			defaultConfigurationIsVisible = 0;
			defaultConfigurationName = Release;
		};
		55BBD57C23471FC400C80DED /* Build configuration list for PBXNativeTarget "FigmaTestScreen" */ = {
			isa = XCConfigurationList;
			buildConfigurations = (
				55BBD57D23471FC400C80DED /* Debug */,
				55BBD57E23471FC400C80DED /* Release */,
			);
			defaultConfigurationIsVisible = 0;
			defaultConfigurationName = Release;
		};
/* End XCConfigurationList section */
	};
	rootObject = 55BBD56023471FC300C80DED /* Project object */;
}
